// !$*UTF8*$!
{
	archiveVersion = 1;
	classes = {
	};
	objectVersion = 77;
	objects = {

/* Begin PBXBuildFile section */
		69F085272FA0A6990045BB3B /* libcmdx.a in Frameworks */ = {isa = PBXBuildFile; fileRef = 69F081B02F9CD0CC0045BB3B /* libcmdx.a */; };
		69F0C7382FA8709B0045BB3B /* libicui18n.78.2.dylib in Frameworks */ = {isa = PBXBuildFile; fileRef = 69F0C7352FA8709B0045BB3B /* libicui18n.78.2.dylib */; };
		69F0C7392FA8709B0045BB3B /* libicui18n.78.2.dylib in Embed Libraries */ = {isa = PBXBuildFile; fileRef = 69F0C7352FA8709B0045BB3B /* libicui18n.78.2.dylib */; settings = {ATTRIBUTES = (CodeSignOnCopy, ); }; };
		69F0C73A2FA8709B0045BB3B /* libicuuc.78.2.dylib in Frameworks */ = {isa = PBXBuildFile; fileRef = 69F0C7362FA8709B0045BB3B /* libicuuc.78.2.dylib */; };
		69F0C73B2FA8709B0045BB3B /* libicuuc.78.2.dylib in Embed Libraries */ = {isa = PBXBuildFile; fileRef = 69F0C7362FA8709B0045BB3B /* libicuuc.78.2.dylib */; settings = {ATTRIBUTES = (CodeSignOnCopy, ); }; };
		69F0C73C2FA8709B0045BB3B /* libicudata.78.2.dylib in Frameworks */ = {isa = PBXBuildFile; fileRef = 69F0C7372FA8709B0045BB3B /* libicudata.78.2.dylib */; };
		69F0C73D2FA8709B0045BB3B /* libicudata.78.2.dylib in Embed Libraries */ = {isa = PBXBuildFile; fileRef = 69F0C7372FA8709B0045BB3B /* libicudata.78.2.dylib */; settings = {ATTRIBUTES = (CodeSignOnCopy, ); }; };
		69F0C7452FA872E80045BB3B /* libiconv.tbd in Frameworks */ = {isa = PBXBuildFile; fileRef = 69F0C7442FA872E80045BB3B /* libiconv.tbd */; };
		69F0C7462FA872FF0045BB3B /* libiconv.tbd in Embed Libraries */ = {isa = PBXBuildFile; fileRef = 69F0C7442FA872E80045BB3B /* libiconv.tbd */; settings = {ATTRIBUTES = (CodeSignOnCopy, ); }; };
/* End PBXBuildFile section */

/* Begin PBXContainerItemProxy section */
		69F085252FA0A6950045BB3B /* PBXContainerItemProxy */ = {
			isa = PBXContainerItemProxy;
			containerPortal = 69F081A82F9CD0CC0045BB3B /* Project object */;
			proxyType = 1;
			remoteGlobalIDString = 69F081AF2F9CD0CC0045BB3B;
			remoteInfo = cmdx;
		};
/* End PBXContainerItemProxy section */

/* Begin PBXCopyFilesBuildPhase section */
		69F085072FA05E3A0045BB3B /* CopyFiles */ = {
			isa = PBXCopyFilesBuildPhase;
			buildActionMask = 2147483647;
			dstPath = /usr/share/man/man1/;
			dstSubfolderSpec = 0;
			files = (
			);
			runOnlyForDeploymentPostprocessing = 1;
		};
		69F0C73E2FA8709B0045BB3B /* Embed Libraries */ = {
			isa = PBXCopyFilesBuildPhase;
			buildActionMask = 2147483647;
			dstPath = "";
			dstSubfolderSpec = 10;
			files = (
				69F0C7462FA872FF0045BB3B /* libiconv.tbd in Embed Libraries */,
				69F0C73B2FA8709B0045BB3B /* libicuuc.78.2.dylib in Embed Libraries */,
				69F0C7392FA8709B0045BB3B /* libicui18n.78.2.dylib in Embed Libraries */,
				69F0C73D2FA8709B0045BB3B /* libicudata.78.2.dylib in Embed Libraries */,
			);
			name = "Embed Libraries";
			runOnlyForDeploymentPostprocessing = 0;
		};
/* End PBXCopyFilesBuildPhase section */

/* Begin PBXFileReference section */
		69F081B02F9CD0CC0045BB3B /* libcmdx.a */ = {isa = PBXFileReference; explicitFileType = archive.ar; includeInIndex = 0; path = libcmdx.a; sourceTree = BUILT_PRODUCTS_DIR; };
		69F085092FA05E3A0045BB3B /* tests */ = {isa = PBXFileReference; explicitFileType = "compiled.mach-o.executable"; includeInIndex = 0; path = tests; sourceTree = BUILT_PRODUCTS_DIR; };
		69F0C7352FA8709B0045BB3B /* libicui18n.78.2.dylib */ = {isa = PBXFileReference; lastKnownFileType = "compiled.mach-o.dylib"; name = libicui18n.78.2.dylib; path = "../../../../../../../opt/homebrew/Cellar/icu4c@78/78.2/lib/libicui18n.78.2.dylib"; sourceTree = "<group>"; };
		69F0C7362FA8709B0045BB3B /* libicuuc.78.2.dylib */ = {isa = PBXFileReference; lastKnownFileType = "compiled.mach-o.dylib"; name = libicuuc.78.2.dylib; path = "../../../../../../../opt/homebrew/Cellar/icu4c@78/78.2/lib/libicuuc.78.2.dylib"; sourceTree = "<group>"; };
		69F0C7372FA8709B0045BB3B /* libicudata.78.2.dylib */ = {isa = PBXFileReference; lastKnownFileType = "compiled.mach-o.dylib"; name = libicudata.78.2.dylib; path = "../../../../../../../opt/homebrew/Cellar/icu4c@78/78.2/lib/libicudata.78.2.dylib"; sourceTree = "<group>"; };
		69F0C7442FA872E80045BB3B /* libiconv.tbd */ = {isa = PBXFileReference; lastKnownFileType = "sourcecode.text-based-dylib-definition"; name = libiconv.tbd; path = usr/lib/libiconv.tbd; sourceTree = SDKROOT; };
/* End PBXFileReference section */

/* Begin PBXFileSystemSynchronizedBuildFileExceptionSet section */
		69F081E02F9CDA5A0045BB3B /* Exceptions for "src" folder in "cmdx" target */ = {
			isa = PBXFileSystemSynchronizedBuildFileExceptionSet;
			membershipExceptions = (
				cmdx_content_section.c,
				cmdx_content_section.h,
				cmdx_key_section.c,
				cmdx_key_section.h,
				cmdx_meta.c,
				cmdx_meta.h,
				cmdx_reader.c,
				cmdx_reader.h,
				cmdx_storage_block.c,
				cmdx_types.c,
				cmdx_types.h,
				cmdx_unit_info.c,
				cmdx_unit_info.h,
				crypto/cmdx_crypto.c,
				crypto/cmdx_crypto.h,
				crypto/ripemd128.c,
				crypto/ripemd128.h,
				crypto/salsa20.c,
				crypto/salsa20.h,
				minilzo/lzoconf.h,
				minilzo/lzodefs.h,
				minilzo/minilzo.c,
				minilzo/minilzo.h,
				utils/cmdx_endian.c,
				utils/cmdx_endian.h,
				utils/cmdx_icu.c,
				utils/cmdx_icu.h,
				utils/cmdx_sort_key.c,
				utils/cmdx_sort_key.h,
				utils/cmdx_util.c,
				utils/cmdx_util.h,
			);
			target = 69F081AF2F9CD0CC0045BB3B /* cmdx */;
		};
		69F0A6A32FA0B1A40045BB3B /* Exceptions for "deps/uobject/src" folder in "cmdx" target */ = {
			isa = PBXFileSystemSynchronizedBuildFileExceptionSet;
			membershipExceptions = (
				ucache.c,
				uhash.c,
				uobject.c,
			);
			target = 69F081AF2F9CD0CC0045BB3B /* cmdx */;
		};
/* End PBXFileSystemSynchronizedBuildFileExceptionSet section */

/* Begin PBXFileSystemSynchronizedRootGroup section */
		69F081B72F9CDA230045BB3B /* src */ = {
			isa = PBXFileSystemSynchronizedRootGroup;
			exceptions = (
				69F081E02F9CDA5A0045BB3B /* Exceptions for "src" folder in "cmdx" target */,
			);
			path = src;
			sourceTree = "<group>";
		};
		69F0850A2FA05E3A0045BB3B /* tests */ = {
			isa = PBXFileSystemSynchronizedRootGroup;
			path = tests;
			sourceTree = "<group>";
		};
		AA0000012F9CD0000045BB3B /* deps/uobject/src */ = {
			isa = PBXFileSystemSynchronizedRootGroup;
			exceptions = (
				69F0A6A32FA0B1A40045BB3B /* Exceptions for "deps/uobject/src" folder in "cmdx" target */,
			);
			path = deps/uobject/src;
			sourceTree = "<group>";
		};
/* End PBXFileSystemSynchronizedRootGroup section */

/* Begin PBXFrameworksBuildPhase section */
		69F081AE2F9CD0CC0045BB3B /* Frameworks */ = {
			isa = PBXFrameworksBuildPhase;
			buildActionMask = 2147483647;
			files = (
			);
			runOnlyForDeploymentPostprocessing = 0;
		};
		69F085062FA05E3A0045BB3B /* Frameworks */ = {
			isa = PBXFrameworksBuildPhase;
			buildActionMask = 2147483647;
			files = (
				69F0C7452FA872E80045BB3B /* libiconv.tbd in Frameworks */,
				69F0C7382FA8709B0045BB3B /* libicui18n.78.2.dylib in Frameworks */,
				69F085272FA0A6990045BB3B /* libcmdx.a in Frameworks */,
				69F0C73C2FA8709B0045BB3B /* libicudata.78.2.dylib in Frameworks */,
				69F0C73A2FA8709B0045BB3B /* libicuuc.78.2.dylib in Frameworks */,
			);
			runOnlyForDeploymentPostprocessing = 0;
		};
/* End PBXFrameworksBuildPhase section */

/* Begin PBXGroup section */
		69F081A72F9CD0CC0045BB3B = {
			isa = PBXGroup;
			children = (
				69F081B72F9CDA230045BB3B /* src */,
				AA0000012F9CD0000045BB3B /* deps/uobject/src */,
				69F0850A2FA05E3A0045BB3B /* tests */,
				69F081F52F9CDE870045BB3B /* Frameworks */,
				69F081B12F9CD0CC0045BB3B /* Products */,
			);
			sourceTree = "<group>";
		};
		69F081B12F9CD0CC0045BB3B /* Products */ = {
			isa = PBXGroup;
			children = (
				69F081B02F9CD0CC0045BB3B /* libcmdx.a */,
				69F085092FA05E3A0045BB3B /* tests */,
			);
			name = Products;
			sourceTree = "<group>";
		};
		69F081F52F9CDE870045BB3B /* Frameworks */ = {
			isa = PBXGroup;
			children = (
				69F0C7442FA872E80045BB3B /* libiconv.tbd */,
				69F0C7372FA8709B0045BB3B /* libicudata.78.2.dylib */,
				69F0C7352FA8709B0045BB3B /* libicui18n.78.2.dylib */,
				69F0C7362FA8709B0045BB3B /* libicuuc.78.2.dylib */,
			);
			name = Frameworks;
			sourceTree = "<group>";
		};
/* End PBXGroup section */

/* Begin PBXHeadersBuildPhase section */
		69F081AC2F9CD0CC0045BB3B /* Headers */ = {
			isa = PBXHeadersBuildPhase;
			buildActionMask = 2147483647;
			files = (
			);
			runOnlyForDeploymentPostprocessing = 0;
		};
/* End PBXHeadersBuildPhase section */

/* Begin PBXNativeTarget section */
		69F081AF2F9CD0CC0045BB3B /* cmdx */ = {
			isa = PBXNativeTarget;
			buildConfigurationList = 69F081B42F9CD0CC0045BB3B /* Build configuration list for PBXNativeTarget "cmdx" */;
			buildPhases = (
				69F081AC2F9CD0CC0045BB3B /* Headers */,
				69F081AD2F9CD0CC0045BB3B /* Sources */,
				69F081AE2F9CD0CC0045BB3B /* Frameworks */,
			);
			buildRules = (
			);
			dependencies = (
			);
			name = cmdx;
			packageProductDependencies = (
			);
			productName = cmdx;
			productReference = 69F081B02F9CD0CC0045BB3B /* libcmdx.a */;
			productType = "com.apple.product-type.library.static";
		};
		69F085082FA05E3A0045BB3B /* tests */ = {
			isa = PBXNativeTarget;
			buildConfigurationList = 69F0850D2FA05E3A0045BB3B /* Build configuration list for PBXNativeTarget "tests" */;
			buildPhases = (
				69F085052FA05E3A0045BB3B /* Sources */,
				69F085062FA05E3A0045BB3B /* Frameworks */,
				69F085072FA05E3A0045BB3B /* CopyFiles */,
				69F0C73E2FA8709B0045BB3B /* Embed Libraries */,
			);
			buildRules = (
			);
			dependencies = (
				69F085262FA0A6950045BB3B /* PBXTargetDependency */,
			);
			fileSystemSynchronizedGroups = (
				69F0850A2FA05E3A0045BB3B /* tests */,
			);
			name = tests;
			packageProductDependencies = (
			);
			productName = tests;
			productReference = 69F085092FA05E3A0045BB3B /* tests */;
			productType = "com.apple.product-type.tool";
		};
/* End PBXNativeTarget section */

/* Begin PBXProject section */
		69F081A82F9CD0CC0045BB3B /* Project object */ = {
			isa = PBXProject;
			attributes = {
				BuildIndependentTargetsInParallel = 1;
				LastUpgradeCheck = 2640;
				TargetAttributes = {
					69F081AF2F9CD0CC0045BB3B = {
						CreatedOnToolsVersion = 26.4.1;
					};
					69F085082FA05E3A0045BB3B = {
						CreatedOnToolsVersion = 26.4.1;
					};
				};
			};
			buildConfigurationList = 69F081AB2F9CD0CC0045BB3B /* Build configuration list for PBXProject "cmdx" */;
			developmentRegion = en;
			hasScannedForEncodings = 0;
			knownRegions = (
				en,
				Base,
			);
			mainGroup = 69F081A72F9CD0CC0045BB3B;
			minimizedProjectReferenceProxies = 1;
			preferredProjectObjectVersion = 77;
			productRefGroup = 69F081B12F9CD0CC0045BB3B /* Products */;
			projectDirPath = "";
			projectRoot = "";
			targets = (
				69F081AF2F9CD0CC0045BB3B /* cmdx */,
				69F085082FA05E3A0045BB3B /* tests */,
			);
		};
/* End PBXProject section */

/* Begin PBXSourcesBuildPhase section */
		69F081AD2F9CD0CC0045BB3B /* Sources */ = {
			isa = PBXSourcesBuildPhase;
			buildActionMask = 2147483647;
			files = (
			);
			runOnlyForDeploymentPostprocessing = 0;
		};
		69F085052FA05E3A0045BB3B /* Sources */ = {
			isa = PBXSourcesBuildPhase;
			buildActionMask = 2147483647;
			files = (
			);
			runOnlyForDeploymentPostprocessing = 0;
		};
/* End PBXSourcesBuildPhase section */

/* Begin PBXTargetDependency section */
		69F085262FA0A6950045BB3B /* PBXTargetDependency */ = {
			isa = PBXTargetDependency;
			target = 69F081AF2F9CD0CC0045BB3B /* cmdx */;
			targetProxy = 69F085252FA0A6950045BB3B /* PBXContainerItemProxy */;
		};
/* End PBXTargetDependency section */

/* Begin XCBuildConfiguration section */
		69F081B22F9CD0CC0045BB3B /* Debug */ = {
			isa = XCBuildConfiguration;
			buildSettings = {
				ALWAYS_SEARCH_USER_PATHS = NO;
				ASSETCATALOG_COMPILER_GENERATE_SWIFT_ASSET_SYMBOL_EXTENSIONS = YES;
				CLANG_ANALYZER_NONNULL = YES;
				CLANG_ANALYZER_NUMBER_OBJECT_CONVERSION = YES_AGGRESSIVE;
				CLANG_CXX_LANGUAGE_STANDARD = "gnu++20";
				CLANG_ENABLE_MODULES = YES;
				CLANG_ENABLE_OBJC_ARC = YES;
				CLANG_ENABLE_OBJC_WEAK = YES;
				CLANG_WARN_BLOCK_CAPTURE_AUTORELEASING = YES;
				CLANG_WARN_BOOL_CONVERSION = YES;
				CLANG_WARN_COMMA = YES;
				CLANG_WARN_CONSTANT_CONVERSION = YES;
				CLANG_WARN_DEPRECATED_OBJC_IMPLEMENTATIONS = YES;
				CLANG_WARN_DIRECT_OBJC_ISA_USAGE = YES_ERROR;
				CLANG_WARN_DOCUMENTATION_COMMENTS = YES;
				CLANG_WARN_EMPTY_BODY = YES;
				CLANG_WARN_ENUM_CONVERSION = YES;
				CLANG_WARN_INFINITE_RECURSION = YES;
				CLANG_WARN_INT_CONVERSION = YES;
				CLANG_WARN_NON_LITERAL_NULL_CONVERSION = YES;
				CLANG_WARN_OBJC_IMPLICIT_RETAIN_SELF = YES;
				CLANG_WARN_OBJC_LITERAL_CONVERSION = YES;
				CLANG_WARN_OBJC_ROOT_CLASS = YES_ERROR;
				CLANG_WARN_QUOTED_INCLUDE_IN_FRAMEWORK_HEADER = YES;
				CLANG_WARN_RANGE_LOOP_ANALYSIS = YES;
				CLANG_WARN_STRICT_PROTOTYPES = YES;
				CLANG_WARN_SUSPICIOUS_MOVE = YES;
				CLANG_WARN_UNGUARDED_AVAILABILITY = YES_AGGRESSIVE;
				CLANG_WARN_UNREACHABLE_CODE = YES;
				CLANG_WARN__DUPLICATE_METHOD_MATCH = YES;
				COPY_PHASE_STRIP = NO;
				DEBUG_INFORMATION_FORMAT = dwarf;
				ENABLE_STRICT_OBJC_MSGSEND = YES;
				ENABLE_TESTABILITY = YES;
				ENABLE_USER_SCRIPT_SANDBOXING = YES;
				GCC_C_LANGUAGE_STANDARD = gnu17;
				GCC_DYNAMIC_NO_PIC = NO;
				GCC_NO_COMMON_BLOCKS = YES;
				GCC_OPTIMIZATION_LEVEL = 0;
				GCC_PREPROCESSOR_DEFINITIONS = (
					"DEBUG=1",
					"$(inherited)",
				);
				GCC_WARN_64_TO_32_BIT_CONVERSION = YES;
				GCC_WARN_ABOUT_RETURN_TYPE = YES_ERROR;
				GCC_WARN_UNDECLARED_SELECTOR = YES;
				GCC_WARN_UNINITIALIZED_AUTOS = YES_AGGRESSIVE;
				GCC_WARN_UNUSED_FUNCTION = YES;
				GCC_WARN_UNUSED_VARIABLE = YES;
				LOCALIZATION_PREFERS_STRING_CATALOGS = YES;
				MACOSX_DEPLOYMENT_TARGET = 26.3;
				MTL_ENABLE_DEBUG_INFO = INCLUDE_SOURCE;
				MTL_FAST_MATH = YES;
				ONLY_ACTIVE_ARCH = YES;
				SDKROOT = macosx;
			};
			name = Debug;
		};
		69F081B32F9CD0CC0045BB3B /* Release */ = {
			isa = XCBuildConfiguration;
			buildSettings = {
				ALWAYS_SEARCH_USER_PATHS = NO;
				ASSETCATALOG_COMPILER_GENERATE_SWIFT_ASSET_SYMBOL_EXTENSIONS = YES;
				CLANG_ANALYZER_NONNULL = YES;
				CLANG_ANALYZER_NUMBER_OBJECT_CONVERSION = YES_AGGRESSIVE;
				CLANG_CXX_LANGUAGE_STANDARD = "gnu++20";
				CLANG_ENABLE_MODULES = YES;
				CLANG_ENABLE_OBJC_ARC = YES;
				CLANG_ENABLE_OBJC_WEAK = YES;
				CLANG_WARN_BLOCK_CAPTURE_AUTORELEASING = YES;
				CLANG_WARN_BOOL_CONVERSION = YES;
				CLANG_WARN_COMMA = YES;
				CLANG_WARN_CONSTANT_CONVERSION = YES;
				CLANG_WARN_DEPRECATED_OBJC_IMPLEMENTATIONS = YES;
				CLANG_WARN_DIRECT_OBJC_ISA_USAGE = YES_ERROR;
				CLANG_WARN_DOCUMENTATION_COMMENTS = YES;
				CLANG_WARN_EMPTY_BODY = YES;
				CLANG_WARN_ENUM_CONVERSION = YES;
				CLANG_WARN_INFINITE_RECURSION = YES;
				CLANG_WARN_INT_CONVERSION = YES;
				CLANG_WARN_NON_LITERAL_NULL_CONVERSION = YES;
				CLANG_WARN_OBJC_IMPLICIT_RETAIN_SELF = YES;
				CLANG_WARN_OBJC_LITERAL_CONVERSION = YES;
				CLANG_WARN_OBJC_ROOT_CLASS = YES_ERROR;
				CLANG_WARN_QUOTED_INCLUDE_IN_FRAMEWORK_HEADER = YES;
				CLANG_WARN_RANGE_LOOP_ANALYSIS = YES;
				CLANG_WARN_STRICT_PROTOTYPES = YES;
				CLANG_WARN_SUSPICIOUS_MOVE = YES;
				CLANG_WARN_UNGUARDED_AVAILABILITY = YES_AGGRESSIVE;
				CLANG_WARN_UNREACHABLE_CODE = YES;
				CLANG_WARN__DUPLICATE_METHOD_MATCH = YES;
				COPY_PHASE_STRIP = NO;
				DEBUG_INFORMATION_FORMAT = "dwarf-with-dsym";
				ENABLE_NS_ASSERTIONS = NO;
				ENABLE_STRICT_OBJC_MSGSEND = YES;
				ENABLE_USER_SCRIPT_SANDBOXING = YES;
				GCC_C_LANGUAGE_STANDARD = gnu17;
				GCC_NO_COMMON_BLOCKS = YES;
				GCC_WARN_64_TO_32_BIT_CONVERSION = YES;
				GCC_WARN_ABOUT_RETURN_TYPE = YES_ERROR;
				GCC_WARN_UNDECLARED_SELECTOR = YES;
				GCC_WARN_UNINITIALIZED_AUTOS = YES_AGGRESSIVE;
				GCC_WARN_UNUSED_FUNCTION = YES;
				GCC_WARN_UNUSED_VARIABLE = YES;
				LOCALIZATION_PREFERS_STRING_CATALOGS = YES;
				MACOSX_DEPLOYMENT_TARGET = 26.3;
				MTL_ENABLE_DEBUG_INFO = NO;
				MTL_FAST_MATH = YES;
				SDKROOT = macosx;
			};
			name = Release;
		};
		69F081B52F9CD0CC0045BB3B /* Debug */ = {
			isa = XCBuildConfiguration;
			buildSettings = {
				CODE_SIGN_STYLE = Automatic;
				EXECUTABLE_PREFIX = lib;
				HEADER_SEARCH_PATHS = (
					"$(PROJECT_DIR)/deps/uobject/src",
					"/opt/homebrew/opt/icu4c/include/**",
				);
				PRODUCT_NAME = "$(TARGET_NAME)";
				SKIP_INSTALL = YES;
			};
			name = Debug;
		};
		69F081B62F9CD0CC0045BB3B /* Release */ = {
			isa = XCBuildConfiguration;
			buildSettings = {
				CODE_SIGN_STYLE = Automatic;
				EXECUTABLE_PREFIX = lib;
				HEADER_SEARCH_PATHS = (
					"$(PROJECT_DIR)/deps/uobject/src",
					"/opt/homebrew/opt/icu4c/include/**",
				);
				PRODUCT_NAME = "$(TARGET_NAME)";
				SKIP_INSTALL = YES;
			};
			name = Release;
		};
		69F0850E2FA05E3A0045BB3B /* Debug */ = {
			isa = XCBuildConfiguration;
			buildSettings = {
				CODE_SIGN_STYLE = Automatic;
				HEADER_SEARCH_PATHS = /opt/homebrew/opt/icu4c/include;
				LIBRARY_SEARCH_PATHS = (
					"$(inherited)",
					"/opt/homebrew/Cellar/icu4c@78/78.2/lib/**",
					/opt/local/lib,
					"/opt/homebrew/Cellar/icu4c@78/78.2/lib",
					"$(SDKROOT)/usr/lib/i18n",
				);
				PRODUCT_NAME = "$(TARGET_NAME)";
			};
			name = Debug;
		};
		69F0850F2FA05E3A0045BB3B /* Release */ = {
			isa = XCBuildConfiguration;
			buildSettings = {
				CODE_SIGN_STYLE = Automatic;
				HEADER_SEARCH_PATHS = /opt/homebrew/opt/icu4c/include;
				LIBRARY_SEARCH_PATHS = (
					"$(inherited)",
					"/opt/homebrew/Cellar/icu4c@78/78.2/lib/**",
					/opt/local/lib,
					"/opt/homebrew/Cellar/icu4c@78/78.2/lib",
					"$(SDKROOT)/usr/lib/i18n",
				);
				PRODUCT_NAME = "$(TARGET_NAME)";
			};
			name = Release;
		};
/* End XCBuildConfiguration section */

/* Begin XCConfigurationList section */
		69F081AB2F9CD0CC0045BB3B /* Build configuration list for PBXProject "cmdx" */ = {
			isa = XCConfigurationList;
			buildConfigurations = (
				69F081B22F9CD0CC0045BB3B /* Debug */,
				69F081B32F9CD0CC0045BB3B /* Release */,
			);
			defaultConfigurationIsVisible = 0;
			defaultConfigurationName = Release;
		};
		69F081B42F9CD0CC0045BB3B /* Build configuration list for PBXNativeTarget "cmdx" */ = {
			isa = XCConfigurationList;
			buildConfigurations = (
				69F081B52F9CD0CC0045BB3B /* Debug */,
				69F081B62F9CD0CC0045BB3B /* Release */,
			);
			defaultConfigurationIsVisible = 0;
			defaultConfigurationName = Release;
		};
		69F0850D2FA05E3A0045BB3B /* Build configuration list for PBXNativeTarget "tests" */ = {
			isa = XCConfigurationList;
			buildConfigurations = (
				69F0850E2FA05E3A0045BB3B /* Debug */,
				69F0850F2FA05E3A0045BB3B /* Release */,
			);
			defaultConfigurationIsVisible = 0;
			defaultConfigurationName = Release;
		};
/* End XCConfigurationList section */
	};
	rootObject = 69F081A82F9CD0CC0045BB3B /* Project object */;
}
